
Microsoft Visual Studio Solution File, Format Version 12.00
# Visual Studio Version 17
VisualStudioVersion = 17.3.32922.545
MinimumVisualStudioVersion = 10.0.40219.1
Project("{2150E333-8FDC-42A3-9474-1A3956D46DE8}") = "BookingService", "BookingService", "{25695100-EEDF-4345-9A61-8F8161B2BAC1}"
EndProject
Project("{2150E333-8FDC-42A3-9474-1A3956D46DE8}") = "PaymentService", "PaymentService", "{BA81DC92-4E3C-4488-A552-0DF65C0BF699}"
EndProject
Project("{2150E333-8FDC-42A3-9474-1A3956D46DE8}") = "Core", "Core", "{E55E3482-D839-4B96-B743-381A0273DA5B}"
EndProject
Project("{2150E333-8FDC-42A3-9474-1A3956D46DE8}") = "Domain", "Domain", "{15279410-77A5-46BB-BEAA-A67A3E935459}"
EndProject
Project("{2150E333-8FDC-42A3-9474-1A3956D46DE8}") = "Application", "Application", "{E61AACAD-6E48-40FC-AC40-C48C8748C1C4}"
EndProject
Project("{2150E333-8FDC-42A3-9474-1A3956D46DE8}") = "Adapters", "Adapters", "{8602E03A-8774-4856-B546-AEFC879B4EE8}"
EndProject
Project("{2150E333-8FDC-42A3-9474-1A3956D46DE8}") = "Consumers", "Consumers", "{9F3E6E8A-246A-4271-8D4D-0626A09F8736}"
EndProject
Project("{2150E333-8FDC-42A3-9474-1A3956D46DE8}") = "Tests", "Tests", "{781664A1-E60E-49F9-BBC7-4350732CB0C9}"
EndProject
Project("{2150E333-8FDC-42A3-9474-1A3956D46DE8}") = "Domain", "Domain", "{8B5557CF-2B3F-46D6-9FCA-6667663F3B6B}"
EndProject
Project("{2150E333-8FDC-42A3-9474-1A3956D46DE8}") = "Application", "Application", "{E1B0A609-83F2-4277-9609-E9A5B7A464AD}"
EndProject
Project("{2150E333-8FDC-42A3-9474-1A3956D46DE8}") = "Adapters", "Adapters", "{34C26D37-590C-4A2D-A578-7EF7113F5753}"
EndProject
Project("{9A19103F-16F7-4668-BE54-9A1E7A4F7556}") = "DomainTests", "BookingService\Tests\Domain\DomainTests\DomainTests.csproj", "{332813FF-47F5-4BEA-A9B5-45F8DEA128F3}"
EndProject
Project("{9A19103F-16F7-4668-BE54-9A1E7A4F7556}") = "ApplicationTests", "BookingService\Tests\Application\ApplicationTests\ApplicationTests.csproj", "{A733F271-1825-4909-B1A2-628523A5CD05}"
EndProject
Project("{9A19103F-16F7-4668-BE54-9A1E7A4F7556}") = "AdaptersTests", "BookingService\Tests\Adapters\AdaptersTests\AdaptersTests.csproj", "{3A885D8A-961F-414D-8A60-ED0E326B1243}"
EndProject
Project("{9A19103F-16F7-4668-BE54-9A1E7A4F7556}") = "API", "BookingService\Consumers\API\API.csproj", "{443FB8C8-5B1F-4646-9958-915EC79282D0}"
EndProject
Project("{9A19103F-16F7-4668-BE54-9A1E7A4F7556}") = "Data", "BookingService\Adapters\Data\Data.csproj", "{30108A73-98E7-420C-B747-E0C0CB5774B0}"
EndProject
Project("{9A19103F-16F7-4668-BE54-9A1E7A4F7556}") = "Application", "BookingService\Core\Application\Application.csproj", "{B2C9F70B-5A0E-4458-951E-8459D1025C44}"
EndProject
Project("{9A19103F-16F7-4668-BE54-9A1E7A4F7556}") = "Domain", "BookingService\Core\Domain\Domain.csproj", "{CB336A41-9A67-4248-AB1B-1AC93B741454}"
EndProject
Global
	GlobalSection(SolutionConfigurationPlatforms) = preSolution
		Debug|Any CPU = Debug|Any CPU
		Release|Any CPU = Release|Any CPU
	EndGlobalSection
	GlobalSection(ProjectConfigurationPlatforms) = postSolution
		{332813FF-47F5-4BEA-A9B5-45F8DEA128F3}.Debug|Any CPU.ActiveCfg = Debug|Any CPU
		{332813FF-47F5-4BEA-A9B5-45F8DEA128F3}.Debug|Any CPU.Build.0 = Debug|Any CPU
		{332813FF-47F5-4BEA-A9B5-45F8DEA128F3}.Release|Any CPU.ActiveCfg = Release|Any CPU
		{332813FF-47F5-4BEA-A9B5-45F8DEA128F3}.Release|Any CPU.Build.0 = Release|Any CPU
		{A733F271-1825-4909-B1A2-628523A5CD05}.Debug|Any CPU.ActiveCfg = Debug|Any CPU
		{A733F271-1825-4909-B1A2-628523A5CD05}.Debug|Any CPU.Build.0 = Debug|Any CPU
		{A733F271-1825-4909-B1A2-628523A5CD05}.Release|Any CPU.ActiveCfg = Release|Any CPU
		{A733F271-1825-4909-B1A2-628523A5CD05}.Release|Any CPU.Build.0 = Release|Any CPU
		{3A885D8A-961F-414D-8A60-ED0E326B1243}.Debug|Any CPU.ActiveCfg = Debug|Any CPU
		{3A885D8A-961F-414D-8A60-ED0E326B1243}.Debug|Any CPU.Build.0 = Debug|Any CPU
		{3A885D8A-961F-414D-8A60-ED0E326B1243}.Release|Any CPU.ActiveCfg = Release|Any CPU
		{3A885D8A-961F-414D-8A60-ED0E326B1243}.Release|Any CPU.Build.0 = Release|Any CPU
		{443FB8C8-5B1F-4646-9958-915EC79282D0}.Debug|Any CPU.ActiveCfg = Debug|Any CPU
		{443FB8C8-5B1F-4646-9958-915EC79282D0}.Debug|Any CPU.Build.0 = Debug|Any CPU
		{443FB8C8-5B1F-4646-9958-915EC79282D0}.Release|Any CPU.ActiveCfg = Release|Any CPU
		{443FB8C8-5B1F-4646-9958-915EC79282D0}.Release|Any CPU.Build.0 = Release|Any CPU
		{30108A73-98E7-420C-B747-E0C0CB5774B0}.Debug|Any CPU.ActiveCfg = Debug|Any CPU
		{30108A73-98E7-420C-B747-E0C0CB5774B0}.Debug|Any CPU.Build.0 = Debug|Any CPU
		{30108A73-98E7-420C-B747-E0C0CB5774B0}.Release|Any CPU.ActiveCfg = Release|Any CPU
		{30108A73-98E7-420C-B747-E0C0CB5774B0}.Release|Any CPU.Build.0 = Release|Any CPU
		{B2C9F70B-5A0E-4458-951E-8459D1025C44}.Debug|Any CPU.ActiveCfg = Debug|Any CPU
		{B2C9F70B-5A0E-4458-951E-8459D1025C44}.Debug|Any CPU.Build.0 = Debug|Any CPU
		{B2C9F70B-5A0E-4458-951E-8459D1025C44}.Release|Any CPU.ActiveCfg = Release|Any CPU
		{B2C9F70B-5A0E-4458-951E-8459D1025C44}.Release|Any CPU.Build.0 = Release|Any CPU
		{CB336A41-9A67-4248-AB1B-1AC93B741454}.Debug|Any CPU.ActiveCfg = Debug|Any CPU
		{CB336A41-9A67-4248-AB1B-1AC93B741454}.Debug|Any CPU.Build.0 = Debug|Any CPU
		{CB336A41-9A67-4248-AB1B-1AC93B741454}.Release|Any CPU.ActiveCfg = Release|Any CPU
		{CB336A41-9A67-4248-AB1B-1AC93B741454}.Release|Any CPU.Build.0 = Release|Any CPU
	EndGlobalSection
	GlobalSection(SolutionProperties) = preSolution
		HideSolutionNode = FALSE
	EndGlobalSection
	GlobalSection(NestedProjects) = preSolution
		{E55E3482-D839-4B96-B743-381A0273DA5B} = {25695100-EEDF-4345-9A61-8F8161B2BAC1}
		{15279410-77A5-46BB-BEAA-A67A3E935459} = {E55E3482-D839-4B96-B743-381A0273DA5B}
		{E61AACAD-6E48-40FC-AC40-C48C8748C1C4} = {E55E3482-D839-4B96-B743-381A0273DA5B}
		{8602E03A-8774-4856-B546-AEFC879B4EE8} = {25695100-EEDF-4345-9A61-8F8161B2BAC1}
		{9F3E6E8A-246A-4271-8D4D-0626A09F8736} = {25695100-EEDF-4345-9A61-8F8161B2BAC1}
		{781664A1-E60E-49F9-BBC7-4350732CB0C9} = {25695100-EEDF-4345-9A61-8F8161B2BAC1}
		{8B5557CF-2B3F-46D6-9FCA-6667663F3B6B} = {781664A1-E60E-49F9-BBC7-4350732CB0C9}
		{E1B0A609-83F2-4277-9609-E9A5B7A464AD} = {781664A1-E60E-49F9-BBC7-4350732CB0C9}
		{34C26D37-590C-4A2D-A578-7EF7113F5753} = {781664A1-E60E-49F9-BBC7-4350732CB0C9}
		{332813FF-47F5-4BEA-A9B5-45F8DEA128F3} = {8B5557CF-2B3F-46D6-9FCA-6667663F3B6B}
		{A733F271-1825-4909-B1A2-628523A5CD05} = {E1B0A609-83F2-4277-9609-E9A5B7A464AD}
		{3A885D8A-961F-414D-8A60-ED0E326B1243} = {34C26D37-590C-4A2D-A578-7EF7113F5753}
		{443FB8C8-5B1F-4646-9958-915EC79282D0} = {9F3E6E8A-246A-4271-8D4D-0626A09F8736}
		{30108A73-98E7-420C-B747-E0C0CB5774B0} = {8602E03A-8774-4856-B546-AEFC879B4EE8}
		{B2C9F70B-5A0E-4458-951E-8459D1025C44} = {E61AACAD-6E48-40FC-AC40-C48C8748C1C4}
		{CB336A41-9A67-4248-AB1B-1AC93B741454} = {15279410-77A5-46BB-BEAA-A67A3E935459}
	EndGlobalSection
	GlobalSection(ExtensibilityGlobals) = postSolution
		SolutionGuid = {E4023DDC-FD5E-453D-A186-E37CE868383D}
	EndGlobalSection
EndGlobal
